
Microsoft Visual Studio Solution File, Format Version 12.00
# Visual Studio Version 17
VisualStudioVersion = 17.13.35919.96
MinimumVisualStudioVersion = 10.0.40219.1
Project("{FAE04EC0-301F-11D3-BF4B-00C04F79EFBC}") = "booking", "booking\booking.csproj", "{5DD4D392-CAA6-4B2D-BE2F-32B83A2D0682}"
EndProject
Project("{FAE04EC0-301F-11D3-BF4B-00C04F79EFBC}") = "AppointmentCommon", "AppointmentCommon\AppointmentCommon.csproj", "{CA45BB9A-62EF-420C-A000-FFBB16669D9B}"
EndProject
Project("{FAE04EC0-301F-11D3-BF4B-00C04F79EFBC}") = "BookingDL", "BookingServices\BookingDL.csproj", "{7EB3F65E-E13F-413D-AD83-AA138EC81CC1}"
EndProject
Project("{FAE04EC0-301F-11D3-BF4B-00C04F79EFBC}") = "BookingBL", "BookingBL\BookingBL.csproj", "{05138E4A-B872-4622-AA38-2DAD3E8BE15B}"
EndProject
Global
	GlobalSection(SolutionConfigurationPlatforms) = preSolution
		Debug|Any CPU = Debug|Any CPU
		Release|Any CPU = Release|Any CPU
	EndGlobalSection
	GlobalSection(ProjectConfigurationPlatforms) = postSolution
		{5DD4D392-CAA6-4B2D-BE2F-32B83A2D0682}.Debug|Any CPU.ActiveCfg = Debug|Any CPU
		{5DD4D392-CAA6-4B2D-BE2F-32B83A2D0682}.Debug|Any CPU.Build.0 = Debug|Any CPU
		{5DD4D392-CAA6-4B2D-BE2F-32B83A2D0682}.Release|Any CPU.ActiveCfg = Release|Any CPU
		{5DD4D392-CAA6-4B2D-BE2F-32B83A2D0682}.Release|Any CPU.Build.0 = Release|Any CPU
		{CA45BB9A-62EF-420C-A000-FFBB16669D9B}.Debug|Any CPU.ActiveCfg = Debug|Any CPU
		{CA45BB9A-62EF-420C-A000-FFBB16669D9B}.Debug|Any CPU.Build.0 = Debug|Any CPU
		{CA45BB9A-62EF-420C-A000-FFBB16669D9B}.Release|Any CPU.ActiveCfg = Release|Any CPU
		{CA45BB9A-62EF-420C-A000-FFBB16669D9B}.Release|Any CPU.Build.0 = Release|Any CPU
		{7EB3F65E-E13F-413D-AD83-AA138EC81CC1}.Debug|Any CPU.ActiveCfg = Debug|Any CPU
		{7EB3F65E-E13F-413D-AD83-AA138EC81CC1}.Debug|Any CPU.Build.0 = Debug|Any CPU
		{7EB3F65E-E13F-413D-AD83-AA138EC81CC1}.Release|Any CPU.ActiveCfg = Release|Any CPU
		{7EB3F65E-E13F-413D-AD83-AA138EC81CC1}.Release|Any CPU.Build.0 = Release|Any CPU
		{05138E4A-B872-4622-AA38-2DAD3E8BE15B}.Debug|Any CPU.ActiveCfg = Debug|Any CPU
		{05138E4A-B872-4622-AA38-2DAD3E8BE15B}.Debug|Any CPU.Build.0 = Debug|Any CPU
		{05138E4A-B872-4622-AA38-2DAD3E8BE15B}.Release|Any CPU.ActiveCfg = Release|Any CPU
		{05138E4A-B872-4622-AA38-2DAD3E8BE15B}.Release|Any CPU.Build.0 = Release|Any CPU
	EndGlobalSection
	GlobalSection(SolutionProperties) = preSolution
		HideSolutionNode = FALSE
	EndGlobalSection
	GlobalSection(ExtensibilityGlobals) = postSolution
		SolutionGuid = {BB310BD6-1C6A-47F8-A24C-C7CA64CC065B}
	EndGlobalSection
EndGlobal
